
Microsoft Visual Studio Solution File, Format Version 12.00
# Visual Studio Version 17
VisualStudioVersion = 17.2.32414.248
MinimumVisualStudioVersion = 10.0.40219.1
Project("{9A19103F-16F7-4668-BE54-9A1E7A4F7556}") = "Rampastring.XNAUI", "Rampastring.XNAUI.csproj", "{3EAF996D-7F03-433B-A9A5-17E69AC97C76}"
EndProject
Project("{2150E333-8FDC-42A3-9474-1A3956D46DE8}") = "Solution Items", "Solution Items", "{65B2C9EF-25F1-47BB-8F3B-989D3FF06450}"
	ProjectSection(SolutionItems) = preProject
		.editorconfig = .editorconfig
	EndProjectSection
EndProject
Global
	GlobalSection(SolutionConfigurationPlatforms) = preSolution
		UniversalGLDebug|Any CPU = UniversalGLDebug|Any CPU
		UniversalGLRelease|Any CPU = UniversalGLRelease|Any CPU
		WindowsDXDebug|Any CPU = WindowsDXDebug|Any CPU
		WindowsDXRelease|Any CPU = WindowsDXRelease|Any CPU
		WindowsGLDebug|Any CPU = WindowsGLDebug|Any CPU
		WindowsGLRelease|Any CPU = WindowsGLRelease|Any CPU
		WindowsXNADebug|Any CPU = WindowsXNADebug|Any CPU
		WindowsXNARelease|Any CPU = WindowsXNARelease|Any CPU
	EndGlobalSection
	GlobalSection(ProjectConfigurationPlatforms) = postSolution
		{3EAF996D-7F03-433B-A9A5-17E69AC97C76}.UniversalGLDebug|Any CPU.ActiveCfg = UniversalGLDebug|Any CPU
		{3EAF996D-7F03-433B-A9A5-17E69AC97C76}.UniversalGLDebug|Any CPU.Build.0 = UniversalGLDebug|Any CPU
		{3EAF996D-7F03-433B-A9A5-17E69AC97C76}.UniversalGLRelease|Any CPU.ActiveCfg = UniversalGLRelease|Any CPU
		{3EAF996D-7F03-433B-A9A5-17E69AC97C76}.UniversalGLRelease|Any CPU.Build.0 = UniversalGLRelease|Any CPU
		{3EAF996D-7F03-433B-A9A5-17E69AC97C76}.WindowsDXDebug|Any CPU.ActiveCfg = WindowsDXDebug|Any CPU
		{3EAF996D-7F03-433B-A9A5-17E69AC97C76}.WindowsDXDebug|Any CPU.Build.0 = WindowsDXDebug|Any CPU
		{3EAF996D-7F03-433B-A9A5-17E69AC97C76}.WindowsDXRelease|Any CPU.ActiveCfg = WindowsDXRelease|Any CPU
		{3EAF996D-7F03-433B-A9A5-17E69AC97C76}.WindowsDXRelease|Any CPU.Build.0 = WindowsDXRelease|Any CPU
		{3EAF996D-7F03-433B-A9A5-17E69AC97C76}.WindowsGLDebug|Any CPU.ActiveCfg = WindowsGLDebug|Any CPU
		{3EAF996D-7F03-433B-A9A5-17E69AC97C76}.WindowsGLDebug|Any CPU.Build.0 = WindowsGLDebug|Any CPU
		{3EAF996D-7F03-433B-A9A5-17E69AC97C76}.WindowsGLRelease|Any CPU.ActiveCfg = WindowsGLRelease|Any CPU
		{3EAF996D-7F03-433B-A9A5-17E69AC97C76}.WindowsGLRelease|Any CPU.Build.0 = WindowsGLRelease|Any CPU
		{3EAF996D-7F03-433B-A9A5-17E69AC97C76}.WindowsXNADebug|Any CPU.ActiveCfg = WindowsXNADebug|Any CPU
		{3EAF996D-7F03-433B-A9A5-17E69AC97C76}.WindowsXNADebug|Any CPU.Build.0 = WindowsXNADebug|Any CPU
		{3EAF996D-7F03-433B-A9A5-17E69AC97C76}.WindowsXNARelease|Any CPU.ActiveCfg = WindowsXNARelease|Any CPU
		{3EAF996D-7F03-433B-A9A5-17E69AC97C76}.WindowsXNARelease|Any CPU.Build.0 = WindowsXNARelease|Any CPU
	EndGlobalSection
	GlobalSection(SolutionProperties) = preSolution
		HideSolutionNode = FALSE
	EndGlobalSection
	GlobalSection(ExtensibilityGlobals) = postSolution
		SolutionGuid = {F8EE831B-908F-4F0A-87BB-D97DC5FF5027}
	EndGlobalSection
EndGlobal
